// !$*UTF8*$!
{
	archiveVersion = 1;
	classes = {
	};
	objectVersion = 48;
	objects = {

/* Begin PBXBuildFile section */
		772279C12023686400B9347A /* AppDelegate.swift in Sources */ = {isa = PBXBuildFile; fileRef = 772279C02023686400B9347A /* AppDelegate.swift */; };
		772279C32023686400B9347A /* ViewController.swift in Sources */ = {isa = PBXBuildFile; fileRef = 772279C22023686400B9347A /* ViewController.swift */; };
		772279C62023686400B9347A /* Main.storyboard in Resources */ = {isa = PBXBuildFile; fileRef = 772279C42023686400B9347A /* Main.storyboard */; };
		772279C92023686400B9347A /* Get_to_it_.xcdatamodeld in Sources */ = {isa = PBXBuildFile; fileRef = 772279C72023686400B9347A /* Get_to_it_.xcdatamodeld */; };
		772279CB2023686400B9347A /* Assets.xcassets in Resources */ = {isa = PBXBuildFile; fileRef = 772279CA2023686400B9347A /* Assets.xcassets */; };
		772279CE2023686400B9347A /* LaunchScreen.storyboard in Resources */ = {isa = PBXBuildFile; fileRef = 772279CC2023686400B9347A /* LaunchScreen.storyboard */; };
/* End PBXBuildFile section */

/* Begin PBXFileReference section */
		772279BD2023686400B9347A /* Get to it!.app */ = {isa = PBXFileReference; explicitFileType = wrapper.application; includeInIndex = 0; path = "Get to it!.app"; sourceTree = BUILT_PRODUCTS_DIR; };
		772279C02023686400B9347A /* AppDelegate.swift */ = {isa = PBXFileReference; lastKnownFileType = sourcecode.swift; path = AppDelegate.swift; sourceTree = "<group>"; };
		772279C22023686400B9347A /* ViewController.swift */ = {isa = PBXFileReference; lastKnownFileType = sourcecode.swift; path = ViewController.swift; sourceTree = "<group>"; };
		772279C52023686400B9347A /* Base */ = {isa = PBXFileReference; lastKnownFileType = file.storyboard; name = Base; path = Base.lproj/Main.storyboard; sourceTree = "<group>"; };
		772279C82023686400B9347A /* Get_to_it_.xcdatamodel */ = {isa = PBXFileReference; lastKnownFileType = wrapper.xcdatamodel; path = Get_to_it_.xcdatamodel; sourceTree = "<group>"; };
		772279CA2023686400B9347A /* Assets.xcassets */ = {isa = PBXFileReference; lastKnownFileType = folder.assetcatalog; path = Assets.xcassets; sourceTree = "<group>"; };
		772279CD2023686400B9347A /* Base */ = {isa = PBXFileReference; lastKnownFileType = file.storyboard; name = Base; path = Base.lproj/LaunchScreen.storyboard; sourceTree = "<group>"; };
		772279CF2023686400B9347A /* Info.plist */ = {isa = PBXFileReference; lastKnownFileType = text.plist.xml; path = Info.plist; sourceTree = "<group>"; };
/* End PBXFileReference section */

/* Begin PBXFrameworksBuildPhase section */
		772279BA2023686400B9347A /* Frameworks */ = {
			isa = PBXFrameworksBuildPhase;
			buildActionMask = 2147483647;
			files = (
			);
			runOnlyForDeploymentPostprocessing = 0;
		};
/* End PBXFrameworksBuildPhase section */

/* Begin PBXGroup section */
		772279B42023686400B9347A = {
			isa = PBXGroup;
			children = (
				772279BF2023686400B9347A /* Get to it! */,
				772279BE2023686400B9347A /* Products */,
			);
			sourceTree = "<group>";
		};
		772279BE2023686400B9347A /* Products */ = {
			isa = PBXGroup;
			children = (
				772279BD2023686400B9347A /* Get to it!.app */,
			);
			name = Products;
			sourceTree = "<group>";
		};
		772279BF2023686400B9347A /* Get to it! */ = {
			isa = PBXGroup;
			children = (
				772279C02023686400B9347A /* AppDelegate.swift */,
				772279C22023686400B9347A /* ViewController.swift */,
				772279C42023686400B9347A /* Main.storyboard */,
				772279CA2023686400B9347A /* Assets.xcassets */,
				772279CC2023686400B9347A /* LaunchScreen.storyboard */,
				772279CF2023686400B9347A /* Info.plist */,
				772279C72023686400B9347A /* Get_to_it_.xcdatamodeld */,
			);
			path = "Get to it!";
			sourceTree = "<group>";
		};
/* End PBXGroup section */

/* Begin PBXNativeTarget section */
		772279BC2023686400B9347A /* Get to it! */ = {
			isa = PBXNativeTarget;
			buildConfigurationList = 772279D22023686400B9347A /* Build configuration list for PBXNativeTarget "Get to it!" */;
			buildPhases = (
				772279B92023686400B9347A /* Sources */,
				772279BA2023686400B9347A /* Frameworks */,
				772279BB2023686400B9347A /* Resources */,
			);
			buildRules = (
			);
			dependencies = (
			);
			name = "Get to it!";
			productName = "Get to it!";
			productReference = 772279BD2023686400B9347A /* Get to it!.app */;
			productType = "com.apple.product-type.application";
		};
/* End PBXNativeTarget section */

/* Begin PBXProject section */
		772279B52023686400B9347A /* Project object */ = {
			isa = PBXProject;
			attributes = {
				LastSwiftUpdateCheck = 0920;
				LastUpgradeCheck = 0920;
				ORGANIZATIONNAME = "Adam Reynolds";
				TargetAttributes = {
					772279BC2023686400B9347A = {
						CreatedOnToolsVersion = 9.2;
						ProvisioningStyle = Automatic;
					};
				};
			};
			buildConfigurationList = 772279B82023686400B9347A /* Build configuration list for PBXProject "Get to it!" */;
			compatibilityVersion = "Xcode 8.0";
			developmentRegion = en;
			hasScannedForEncodings = 0;
			knownRegions = (
				en,
				Base,
			);
			mainGroup = 772279B42023686400B9347A;
			productRefGroup = 772279BE2023686400B9347A /* Products */;
			projectDirPath = "";
			projectRoot = "";
			targets = (
				772279BC2023686400B9347A /* Get to it! */,
			);
		};
/* End PBXProject section */

/* Begin PBXResourcesBuildPhase section */
		772279BB2023686400B9347A /* Resources */ = {
			isa = PBXResourcesBuildPhase;
			buildActionMask = 2147483647;
			files = (
				772279CE2023686400B9347A /* LaunchScreen.storyboard in Resources */,
				772279CB2023686400B9347A /* Assets.xcassets in Resources */,
				772279C62023686400B9347A /* Main.storyboard in Resources */,
			);
			runOnlyForDeploymentPostprocessing = 0;
		};
/* End PBXResourcesBuildPhase section */

/* Begin PBXSourcesBuildPhase section */
		772279B92023686400B9347A /* Sources */ = {
			isa = PBXSourcesBuildPhase;
			buildActionMask = 2147483647;
			files = (
				772279C32023686400B9347A /* ViewController.swift in Sources */,
				772279C92023686400B9347A /* Get_to_it_.xcdatamodeld in Sources */,
				772279C12023686400B9347A /* AppDelegate.swift in Sources */,
			);
			runOnlyForDeploymentPostprocessing = 0;
		};
/* End PBXSourcesBuildPhase section */

/* Begin PBXVariantGroup section */
		772279C42023686400B9347A /* Main.storyboard */ = {
			isa = PBXVariantGroup;
			children = (
				772279C52023686400B9347A /* Base */,
			);
			name = Main.storyboard;
			sourceTree = "<group>";
		};
		772279CC2023686400B9347A /* LaunchScreen.storyboard */ = {
			isa = PBXVariantGroup;
			children = (
				772279CD2023686400B9347A /* Base */,
			);
			name = LaunchScreen.storyboard;
			sourceTree = "<group>";
		};
/* End PBXVariantGroup section */

/* Begin XCBuildConfiguration section */
		772279D02023686400B9347A /* Debug */ = {
			isa = XCBuildConfiguration;
			buildSettings = {
				ALWAYS_SEARCH_USER_PATHS = NO;
				CLANG_ANALYZER_NONNULL = YES;
				CLANG_ANALYZER_NUMBER_OBJECT_CONVERSION = YES_AGGRESSIVE;
				CLANG_CXX_LANGUAGE_STANDARD = "gnu++14";
				CLANG_CXX_LIBRARY = "libc++";
				CLANG_ENABLE_MODULES = YES;
				CLANG_ENABLE_OBJC_ARC = YES;
				CLANG_WARN_BLOCK_CAPTURE_AUTORELEASING = YES;
				CLANG_WARN_BOOL_CONVERSION = YES;
				CLANG_WARN_COMMA = YES;
				CLANG_WARN_CONSTANT_CONVERSION = YES;
				CLANG_WARN_DIRECT_OBJC_ISA_USAGE = YES_ERROR;
				CLANG_WARN_DOCUMENTATION_COMMENTS = YES;
				CLANG_WARN_EMPTY_BODY = YES;
				CLANG_WARN_ENUM_CONVERSION = YES;
				CLANG_WARN_INFINITE_RECURSION = YES;
				CLANG_WARN_INT_CONVERSION = YES;
				CLANG_WARN_NON_LITERAL_NULL_CONVERSION = YES;
				CLANG_WARN_OBJC_LITERAL_CONVERSION = YES;
				CLANG_WARN_OBJC_ROOT_CLASS = YES_ERROR;
				CLANG_WARN_RANGE_LOOP_ANALYSIS = YES;
				CLANG_WARN_STRICT_PROTOTYPES = YES;
				CLANG_WARN_SUSPICIOUS_MOVE = YES;
				CLANG_WARN_UNGUARDED_AVAILABILITY = YES_AGGRESSIVE;
				CLANG_WARN_UNREACHABLE_CODE = YES;
				CLANG_WARN__DUPLICATE_METHOD_MATCH = YES;
				CODE_SIGN_IDENTITY = "iPhone Developer";
				COPY_PHASE_STRIP = NO;
				DEBUG_INFORMATION_FORMAT = dwarf;
				ENABLE_STRICT_OBJC_MSGSEND = YES;
				ENABLE_TESTABILITY = YES;
				GCC_C_LANGUAGE_STANDARD = gnu11;
				GCC_DYNAMIC_NO_PIC = NO;
				GCC_NO_COMMON_BLOCKS = YES;
				GCC_OPTIMIZATION_LEVEL = 0;
				GCC_PREPROCESSOR_DEFINITIONS = (
					"DEBUG=1",
					"$(inherited)",
				);
				GCC_WARN_64_TO_32_BIT_CONVERSION = YES;
				GCC_WARN_ABOUT_RETURN_TYPE = YES_ERROR;
				GCC_WARN_UNDECLARED_SELECTOR = YES;
				GCC_WARN_UNINITIALIZED_AUTOS = YES_AGGRESSIVE;
				GCC_WARN_UNUSED_FUNCTION = YES;
				GCC_WARN_UNUSED_VARIABLE = YES;
				IPHONEOS_DEPLOYMENT_TARGET = 11.2;
				MTL_ENABLE_DEBUG_INFO = YES;
				ONLY_ACTIVE_ARCH = YES;
				SDKROOT = iphoneos;
				SWIFT_ACTIVE_COMPILATION_CONDITIONS = DEBUG;
				SWIFT_OPTIMIZATION_LEVEL = "-Onone";
			};
			name = Debug;
		};
		772279D12023686400B9347A /* Release */ = {
			isa = XCBuildConfiguration;
			buildSettings = {
				ALWAYS_SEARCH_USER_PATHS = NO;
				CLANG_ANALYZER_NONNULL = YES;
				CLANG_ANALYZER_NUMBER_OBJECT_CONVERSION = YES_AGGRESSIVE;
				CLANG_CXX_LANGUAGE_STANDARD = "gnu++14";
				CLANG_CXX_LIBRARY = "libc++";
				CLANG_ENABLE_MODULES = YES;
				CLANG_ENABLE_OBJC_ARC = YES;
				CLANG_WARN_BLOCK_CAPTURE_AUTORELEASING = YES;
				CLANG_WARN_BOOL_CONVERSION = YES;
				CLANG_WARN_COMMA = YES;
				CLANG_WARN_CONSTANT_CONVERSION = YES;
				CLANG_WARN_DIRECT_OBJC_ISA_USAGE = YES_ERROR;
				CLANG_WARN_DOCUMENTATION_COMMENTS = YES;
				CLANG_WARN_EMPTY_BODY = YES;
				CLANG_WARN_ENUM_CONVERSION = YES;
				CLANG_WARN_INFINITE_RECURSION = YES;
				CLANG_WARN_INT_CONVERSION = YES;
				CLANG_WARN_NON_LITERAL_NULL_CONVERSION = YES;
				CLANG_WARN_OBJC_LITERAL_CONVERSION = YES;
				CLANG_WARN_OBJC_ROOT_CLASS = YES_ERROR;
				CLANG_WARN_RANGE_LOOP_ANALYSIS = YES;
				CLANG_WARN_STRICT_PROTOTYPES = YES;
				CLANG_WARN_SUSPICIOUS_MOVE = YES;
				CLANG_WARN_UNGUARDED_AVAILABILITY = YES_AGGRESSIVE;
				CLANG_WARN_UNREACHABLE_CODE = YES;
				CLANG_WARN__DUPLICATE_METHOD_MATCH = YES;
				CODE_SIGN_IDENTITY = "iPhone Developer";
				COPY_PHASE_STRIP = NO;
				DEBUG_INFORMATION_FORMAT = "dwarf-with-dsym";
				ENABLE_NS_ASSERTIONS = NO;
				ENABLE_STRICT_OBJC_MSGSEND = YES;
				GCC_C_LANGUAGE_STANDARD = gnu11;
				GCC_NO_COMMON_BLOCKS = YES;
				GCC_WARN_64_TO_32_BIT_CONVERSION = YES;
				GCC_WARN_ABOUT_RETURN_TYPE = YES_ERROR;
				GCC_WARN_UNDECLARED_SELECTOR = YES;
				GCC_WARN_UNINITIALIZED_AUTOS = YES_AGGRESSIVE;
				GCC_WARN_UNUSED_FUNCTION = YES;
				GCC_WARN_UNUSED_VARIABLE = YES;
				IPHONEOS_DEPLOYMENT_TARGET = 11.2;
				MTL_ENABLE_DEBUG_INFO = NO;
				SDKROOT = iphoneos;
				SWIFT_OPTIMIZATION_LEVEL = "-Owholemodule";
				VALIDATE_PRODUCT = YES;
			};
			name = Release;
		};
		772279D32023686400B9347A /* Debug */ = {
			isa = XCBuildConfiguration;
			buildSettings = {
				ASSETCATALOG_COMPILER_APPICON_NAME = AppIcon;
				CODE_SIGN_STYLE = Automatic;
				DEVELOPMENT_TEAM = DUCGPQA762;
				INFOPLIST_FILE = "Get to it!/Info.plist";
				LD_RUNPATH_SEARCH_PATHS = "$(inherited) @executable_path/Frameworks";
				PRODUCT_BUNDLE_IDENTIFIER = "smufflersworld.Get-to-it-";
				PRODUCT_NAME = "$(TARGET_NAME)";
				SWIFT_VERSION = 4.0;
				TARGETED_DEVICE_FAMILY = "1,2";
			};
			name = Debug;
		};
		772279D42023686400B9347A /* Release */ = {
			isa = XCBuildConfiguration;
			buildSettings = {
				ASSETCATALOG_COMPILER_APPICON_NAME = AppIcon;
				CODE_SIGN_STYLE = Automatic;
				DEVELOPMENT_TEAM = DUCGPQA762;
				INFOPLIST_FILE = "Get to it!/Info.plist";
				LD_RUNPATH_SEARCH_PATHS = "$(inherited) @executable_path/Frameworks";
				PRODUCT_BUNDLE_IDENTIFIER = "smufflersworld.Get-to-it-";
				PRODUCT_NAME = "$(TARGET_NAME)";
				SWIFT_VERSION = 4.0;
				TARGETED_DEVICE_FAMILY = "1,2";
			};
			name = Release;
		};
/* End XCBuildConfiguration section */

/* Begin XCConfigurationList section */
		772279B82023686400B9347A /* Build configuration list for PBXProject "Get to it!" */ = {
			isa = XCConfigurationList;
			buildConfigurations = (
				772279D02023686400B9347A /* Debug */,
				772279D12023686400B9347A /* Release */,
			);
			defaultConfigurationIsVisible = 0;
			defaultConfigurationName = Release;
		};
		772279D22023686400B9347A /* Build configuration list for PBXNativeTarget "Get to it!" */ = {
			isa = XCConfigurationList;
			buildConfigurations = (
				772279D32023686400B9347A /* Debug */,
				772279D42023686400B9347A /* Release */,
			);
			defaultConfigurationIsVisible = 0;
			defaultConfigurationName = Release;
		};
/* End XCConfigurationList section */

/* Begin XCVersionGroup section */
		772279C72023686400B9347A /* Get_to_it_.xcdatamodeld */ = {
			isa = XCVersionGroup;
			children = (
				772279C82023686400B9347A /* Get_to_it_.xcdatamodel */,
			);
			currentVersion = 772279C82023686400B9347A /* Get_to_it_.xcdatamodel */;
			path = Get_to_it_.xcdatamodeld;
			sourceTree = "<group>";
			versionGroupType = wrapper.xcdatamodel;
		};
/* End XCVersionGroup section */
	};
	rootObject = 772279B52023686400B9347A /* Project object */;
}
